
Microsoft Visual Studio Solution File, Format Version 12.00
# Visual Studio 2013
VisualStudioVersion = 12.0.21005.1
MinimumVisualStudioVersion = 10.0.40219.1
Project("{FAE04EC0-301F-11D3-BF4B-00C04F79EFBC}") = "WorstWebServerEver", "WorstWebServerEver\WorstWebServerEver.csproj", "{E61F2F67-3D2C-4701-984E-2BE69CCE0A38}"
EndProject
Project("{FAE04EC0-301F-11D3-BF4B-00C04F79EFBC}") = "Install", "Install\Install.csproj", "{345F5582-ECD0-4571-83FE-C2803CD5E99C}"
EndProject
Global
	GlobalSection(SolutionConfigurationPlatforms) = preSolution
		Debug|Any CPU = Debug|Any CPU
		Release|Any CPU = Release|Any CPU
	EndGlobalSection
	GlobalSection(ProjectConfigurationPlatforms) = postSolution
		{E61F2F67-3D2C-4701-984E-2BE69CCE0A38}.Debug|Any CPU.ActiveCfg = Debug|Any CPU
		{E61F2F67-3D2C-4701-984E-2BE69CCE0A38}.Debug|Any CPU.Build.0 = Debug|Any CPU
		{E61F2F67-3D2C-4701-984E-2BE69CCE0A38}.Release|Any CPU.ActiveCfg = Release|Any CPU
		{E61F2F67-3D2C-4701-984E-2BE69CCE0A38}.Release|Any CPU.Build.0 = Release|Any CPU
		{345F5582-ECD0-4571-83FE-C2803CD5E99C}.Debug|Any CPU.ActiveCfg = Debug|Any CPU
		{345F5582-ECD0-4571-83FE-C2803CD5E99C}.Debug|Any CPU.Build.0 = Debug|Any CPU
		{345F5582-ECD0-4571-83FE-C2803CD5E99C}.Release|Any CPU.ActiveCfg = Release|Any CPU
		{345F5582-ECD0-4571-83FE-C2803CD5E99C}.Release|Any CPU.Build.0 = Release|Any CPU
	EndGlobalSection
	GlobalSection(SolutionProperties) = preSolution
		HideSolutionNode = FALSE
	EndGlobalSection
EndGlobal
